{
  "version": 4,
  "terraform_version": "1.10.5",
  "serial": 5,
  "lineage": "f2ac6469-5ec1-d430-a490-8c8355a58a7c",
  "outputs": {
    "bucket_name": {
      "value": "personal-test-bucket-ab17f11f",
      "type": "string"
    }
  },
  "resources": [
    {
      "mode": "managed",
      "type": "random_id",
      "name": "suffix",
      "provider": "provider[\"registry.terraform.io/hashicorp/random\"]",
      "instances": [
        {
          "schema_version": 0,
          "attributes": {
            "b64_std": "qxfxHw==",
            "b64_url": "qxfxHw",
            "byte_length": 4,
            "dec": "2870472991",
            "hex": "ab17f11f",
            "id": "qxfxHw",
            "keepers": null,
            "prefix": null
          },
          "sensitive_attributes": []
        }
      ]
    },
    {
      "module": "module.test_bucket",
      "mode": "managed",
      "type": "aws_s3_bucket",
      "name": "this",
      "provider": "provider[\"registry.terraform.io/hashicorp/aws\"]",
      "instances": [
        {
          "schema_version": 0,
          "attributes": {
            "acceleration_status": "",
            "acl": null,
            "arn": "arn:aws:s3:::personal-test-bucket-ab17f11f",
            "bucket": "personal-test-bucket-ab17f11f",
            "bucket_domain_name": "personal-test-bucket-ab17f11f.s3.amazonaws.com",
            "bucket_prefix": "",
            "bucket_regional_domain_name": "personal-test-bucket-ab17f11f.s3.us-east-1.amazonaws.com",
            "cors_rule": [],
            "force_destroy": false,
            "grant": [
              {
                "id": "12c0a8dd3f80d7225aa0ac73cabdab045610cd59b2d60dc78612fc668e397ee5",
                "permissions": [
                  "FULL_CONTROL"
                ],
                "type": "CanonicalUser",
                "uri": ""
              }
            ],
            "hosted_zone_id": "Z3AQBSTGFYJSTF",
            "id": "personal-test-bucket-ab17f11f",
            "lifecycle_rule": [],
            "logging": [],
            "object_lock_configuration": [],
            "object_lock_enabled": false,
            "policy": "",
            "region": "us-east-1",
            "replication_configuration": [],
            "request_payer": "BucketOwner",
            "server_side_encryption_configuration": [
              {
                "rule": [
                  {
                    "apply_server_side_encryption_by_default": [
                      {
                        "kms_master_key_id": "",
                        "sse_algorithm": "AES256"
                      }
                    ],
                    "bucket_key_enabled": false
                  }
                ]
              }
            ],
            "tags": {
              "Environment": "dev",
              "ManagedBy": "Terraform",
              "Purpose": "Personal Testing",
              "Team": "personal"
            },
            "tags_all": {
              "Environment": "dev",
              "ManagedBy": "Terraform",
              "Purpose": "Personal Testing",
              "Team": "personal"
            },
            "timeouts": null,
            "versioning": [
              {
                "enabled": false,
                "mfa_delete": false
              }
            ],
            "website": [],
            "website_domain": null,
            "website_endpoint": null
          },
          "sensitive_attributes": [],
          "private": "eyJlMmJmYjczMC1lY2FhLTExZTYtOGY4OC0zNDM2M2JjN2M0YzAiOnsiY3JlYXRlIjoxMjAwMDAwMDAwMDAwLCJkZWxldGUiOjM2MDAwMDAwMDAwMDAsInJlYWQiOjEyMDAwMDAwMDAwMDAsInVwZGF0ZSI6MTIwMDAwMDAwMDAwMH19",
          "dependencies": [
            "random_id.suffix"
          ]
        }
      ]
    },
    {
      "module": "module.test_bucket",
      "mode": "managed",
      "type": "aws_s3_bucket_server_side_encryption_configuration",
      "name": "this",
      "provider": "provider[\"registry.terraform.io/hashicorp/aws\"]",
      "instances": [
        {
          "schema_version": 0,
          "attributes": {
            "bucket": "personal-test-bucket-ab17f11f",
            "expected_bucket_owner": "",
            "id": "personal-test-bucket-ab17f11f",
            "rule": [
              {
                "apply_server_side_encryption_by_default": [
                  {
                    "kms_master_key_id": "",
                    "sse_algorithm": "AES256"
                  }
                ],
                "bucket_key_enabled": null
              }
            ]
          },
          "sensitive_attributes": [],
          "private": "bnVsbA==",
          "dependencies": [
            "module.test_bucket.aws_s3_bucket.this",
            "random_id.suffix"
          ]
        }
      ]
    },
    {
      "module": "module.test_bucket",
      "mode": "managed",
      "type": "aws_s3_bucket_versioning",
      "name": "this",
      "provider": "provider[\"registry.terraform.io/hashicorp/aws\"]",
      "instances": [
        {
          "schema_version": 0,
          "attributes": {
            "bucket": "personal-test-bucket-ab17f11f",
            "expected_bucket_owner": "",
            "id": "personal-test-bucket-ab17f11f",
            "mfa": null,
            "versioning_configuration": [
              {
                "mfa_delete": "",
                "status": "Enabled"
              }
            ]
          },
          "sensitive_attributes": [],
          "private": "bnVsbA==",
          "dependencies": [
            "module.test_bucket.aws_s3_bucket.this",
            "random_id.suffix"
          ]
        }
      ]
    }
  ],
  "check_results": null
}
